Microsoft Visual Studio Solution File, Format Version 12.00
# Visual Studio Version 18
VisualStudioVersion = 18.0.11205.157 d18.0
MinimumVisualStudioVersion = 10.0.40219.1
Project("{FAE04EC0-301F-11D3-BF4B-00C04F79EFBC}") = "VRChat.API", "src\VRChat.API\VRChat.API.csproj", "{CFFD58F6-C881-46CB-BD52-445A8A8A8710}"
EndProject
Project("{FAE04EC0-301F-11D3-BF4B-00C04F79EFBC}") = "VRChat.API.Wrapper", "wrapper\VRChat.API\VRChat.API.Wrapper.csproj", "{A38F1B7D-A1FF-B23E-08C3-81561FBF1C30}"
EndProject
Project("{FAE04EC0-301F-11D3-BF4B-00C04F79EFBC}") = "VRChat.API.Extensions.Hosting", "wrapper\VRChat.API.Extensions.Hosting\VRChat.API.Extensions.Hosting.csproj", "{D9043377-EF21-E16A-7F4A-58D093467DC1}"
EndProject
Project("{FAE04EC0-301F-11D3-BF4B-00C04F79EFBC}") = "VRChat.API.Examples.AspNetCore", "examples\VRChat.API.Examples.AspNetCore\VRChat.API.Examples.AspNetCore.csproj", "{9F172233-1AF6-700F-5F54-423D12F46099}"
EndProject
Project("{FAE04EC0-301F-11D3-BF4B-00C04F79EFBC}") = "VRChat.API.Examples.Console", "examples\VRChat.API.Examples.Console\VRChat.API.Examples.Console.csproj", "{9C028F36-7CB0-82BD-A376-8EC6C8FE3AF0}"
EndProject
Global
	GlobalSection(SolutionConfigurationPlatforms) = preSolution
		Debug|Any CPU = Debug|Any CPU
		Release|Any CPU = Release|Any CPU
	EndGlobalSection
	GlobalSection(ProjectConfigurationPlatforms) = postSolution
		{CFFD58F6-C881-46CB-BD52-445A8A8A8710}.Debug|Any CPU.ActiveCfg = Debug|Any CPU
		{CFFD58F6-C881-46CB-BD52-445A8A8A8710}.Debug|Any CPU.Build.0 = Debug|Any CPU
		{CFFD58F6-C881-46CB-BD52-445A8A8A8710}.Release|Any CPU.ActiveCfg = Release|Any CPU
		{CFFD58F6-C881-46CB-BD52-445A8A8A8710}.Release|Any CPU.Build.0 = Release|Any CPU
		{A38F1B7D-A1FF-B23E-08C3-81561FBF1C30}.Debug|Any CPU.ActiveCfg = Debug|Any CPU
		{A38F1B7D-A1FF-B23E-08C3-81561FBF1C30}.Debug|Any CPU.Build.0 = Debug|Any CPU
		{A38F1B7D-A1FF-B23E-08C3-81561FBF1C30}.Release|Any CPU.ActiveCfg = Release|Any CPU
		{A38F1B7D-A1FF-B23E-08C3-81561FBF1C30}.Release|Any CPU.Build.0 = Release|Any CPU
		{D9043377-EF21-E16A-7F4A-58D093467DC1}.Debug|Any CPU.ActiveCfg = Debug|Any CPU
		{D9043377-EF21-E16A-7F4A-58D093467DC1}.Debug|Any CPU.Build.0 = Debug|Any CPU
		{D9043377-EF21-E16A-7F4A-58D093467DC1}.Release|Any CPU.ActiveCfg = Release|Any CPU
		{D9043377-EF21-E16A-7F4A-58D093467DC1}.Release|Any CPU.Build.0 = Release|Any CPU
		{9F172233-1AF6-700F-5F54-423D12F46099}.Debug|Any CPU.ActiveCfg = Debug|Any CPU
		{9F172233-1AF6-700F-5F54-423D12F46099}.Debug|Any CPU.Build.0 = Debug|Any CPU
		{9F172233-1AF6-700F-5F54-423D12F46099}.Release|Any CPU.ActiveCfg = Release|Any CPU
		{9F172233-1AF6-700F-5F54-423D12F46099}.Release|Any CPU.Build.0 = Release|Any CPU
		{9C028F36-7CB0-82BD-A376-8EC6C8FE3AF0}.Debug|Any CPU.ActiveCfg = Debug|Any CPU
		{9C028F36-7CB0-82BD-A376-8EC6C8FE3AF0}.Debug|Any CPU.Build.0 = Debug|Any CPU
		{9C028F36-7CB0-82BD-A376-8EC6C8FE3AF0}.Release|Any CPU.ActiveCfg = Release|Any CPU
		{9C028F36-7CB0-82BD-A376-8EC6C8FE3AF0}.Release|Any CPU.Build.0 = Release|Any CPU
	EndGlobalSection
	GlobalSection(SolutionProperties) = preSolution
		HideSolutionNode = FALSE
	EndGlobalSection
	GlobalSection(ExtensibilityGlobals) = postSolution
		SolutionGuid = {F7FA6182-71BC-445F-93C5-2FD12A8956CE}
	EndGlobalSection
EndGlobal
